
Microsoft Visual Studio Solution File, Format Version 12.00
# Visual Studio 14
VisualStudioVersion = 14.0.23107.0
MinimumVisualStudioVersion = 10.0.40219.1
Project("{2150E333-8FDC-42A3-9474-1A3956D46DE8}") = "src", "src", "{BA1DA372-B0D0-44DD-9897-5682B64719E7}"
EndProject
Project("{2150E333-8FDC-42A3-9474-1A3956D46DE8}") = "Solution Items", "Solution Items", "{F0803CB7-63F6-4BAF-926A-ACC8B4D0AC86}"
	ProjectSection(SolutionItems) = preProject
		global.json = global.json
		NuGet.Config = NuGet.Config
	EndProjectSection
EndProject
Project("{8BB2217D-0F2D-49D1-97BC-3654ED321F3B}") = "XUnitTests.Async", "src\XUnitTests.Async\XUnitTests.Async.xproj", "{96FC2C29-0A06-496A-A645-45663C544FD2}"
EndProject
Global
	GlobalSection(SolutionConfigurationPlatforms) = preSolution
		Debug|Any CPU = Debug|Any CPU
		Release|Any CPU = Release|Any CPU
	EndGlobalSection
	GlobalSection(ProjectConfigurationPlatforms) = postSolution
		{96FC2C29-0A06-496A-A645-45663C544FD2}.Debug|Any CPU.ActiveCfg = Debug|Any CPU
		{96FC2C29-0A06-496A-A645-45663C544FD2}.Debug|Any CPU.Build.0 = Debug|Any CPU
		{96FC2C29-0A06-496A-A645-45663C544FD2}.Release|Any CPU.ActiveCfg = Release|Any CPU
		{96FC2C29-0A06-496A-A645-45663C544FD2}.Release|Any CPU.Build.0 = Release|Any CPU
	EndGlobalSection
	GlobalSection(SolutionProperties) = preSolution
		HideSolutionNode = FALSE
	EndGlobalSection
	GlobalSection(NestedProjects) = preSolution
		{96FC2C29-0A06-496A-A645-45663C544FD2} = {BA1DA372-B0D0-44DD-9897-5682B64719E7}
	EndGlobalSection
EndGlobal
